
Microsoft Visual Studio Solution File, Format Version 12.00
# Visual Studio Version 16
VisualStudioVersion = 16.0.30804.86
MinimumVisualStudioVersion = 10.0.40219.1
Project("{9A19103F-16F7-4668-BE54-9A1E7A4F7556}") = "01.Delege", "01.Delege\01.Delege.csproj", "{8D098242-432E-4378-9718-158DD6924206}"
EndProject
Project("{FAE04EC0-301F-11D3-BF4B-00C04F79EFBC}") = "02.SenkronikAsenkronik", "02.SenkronikAsenkronik\02.SenkronikAsenkronik.csproj", "{BF2D2B68-282D-4A7A-8569-1F94D9798A43}"
EndProject
Project("{9A19103F-16F7-4668-BE54-9A1E7A4F7556}") = "03.ActionDelegeler", "03.ActionDelegeler\03.ActionDelegeler.csproj", "{BB560AED-AEED-44F6-BF87-AF6333F5756B}"
EndProject
Project("{9A19103F-16F7-4668-BE54-9A1E7A4F7556}") = "04.PredicateDelegeler", "04.PredicateDelegeler\04.PredicateDelegeler.csproj", "{21F42B2C-1DD4-44EA-A5DD-EE116817DD31}"
EndProject
Project("{FAE04EC0-301F-11D3-BF4B-00C04F79EFBC}") = "05.FuncDelegeler", "05.FuncDelegeler\05.FuncDelegeler.csproj", "{EEBACBFE-82AF-4A8D-8700-6CD161A5F9D9}"
EndProject
Global
	GlobalSection(SolutionConfigurationPlatforms) = preSolution
		Debug|Any CPU = Debug|Any CPU
		Release|Any CPU = Release|Any CPU
	EndGlobalSection
	GlobalSection(ProjectConfigurationPlatforms) = postSolution
		{8D098242-432E-4378-9718-158DD6924206}.Debug|Any CPU.ActiveCfg = Debug|Any CPU
		{8D098242-432E-4378-9718-158DD6924206}.Debug|Any CPU.Build.0 = Debug|Any CPU
		{8D098242-432E-4378-9718-158DD6924206}.Release|Any CPU.ActiveCfg = Release|Any CPU
		{8D098242-432E-4378-9718-158DD6924206}.Release|Any CPU.Build.0 = Release|Any CPU
		{BF2D2B68-282D-4A7A-8569-1F94D9798A43}.Debug|Any CPU.ActiveCfg = Debug|Any CPU
		{BF2D2B68-282D-4A7A-8569-1F94D9798A43}.Debug|Any CPU.Build.0 = Debug|Any CPU
		{BF2D2B68-282D-4A7A-8569-1F94D9798A43}.Release|Any CPU.ActiveCfg = Release|Any CPU
		{BF2D2B68-282D-4A7A-8569-1F94D9798A43}.Release|Any CPU.Build.0 = Release|Any CPU
		{BB560AED-AEED-44F6-BF87-AF6333F5756B}.Debug|Any CPU.ActiveCfg = Debug|Any CPU
		{BB560AED-AEED-44F6-BF87-AF6333F5756B}.Debug|Any CPU.Build.0 = Debug|Any CPU
		{BB560AED-AEED-44F6-BF87-AF6333F5756B}.Release|Any CPU.ActiveCfg = Release|Any CPU
		{BB560AED-AEED-44F6-BF87-AF6333F5756B}.Release|Any CPU.Build.0 = Release|Any CPU
		{21F42B2C-1DD4-44EA-A5DD-EE116817DD31}.Debug|Any CPU.ActiveCfg = Debug|Any CPU
		{21F42B2C-1DD4-44EA-A5DD-EE116817DD31}.Debug|Any CPU.Build.0 = Debug|Any CPU
		{21F42B2C-1DD4-44EA-A5DD-EE116817DD31}.Release|Any CPU.ActiveCfg = Release|Any CPU
		{21F42B2C-1DD4-44EA-A5DD-EE116817DD31}.Release|Any CPU.Build.0 = Release|Any CPU
		{EEBACBFE-82AF-4A8D-8700-6CD161A5F9D9}.Debug|Any CPU.ActiveCfg = Debug|Any CPU
		{EEBACBFE-82AF-4A8D-8700-6CD161A5F9D9}.Debug|Any CPU.Build.0 = Debug|Any CPU
		{EEBACBFE-82AF-4A8D-8700-6CD161A5F9D9}.Release|Any CPU.ActiveCfg = Release|Any CPU
		{EEBACBFE-82AF-4A8D-8700-6CD161A5F9D9}.Release|Any CPU.Build.0 = Release|Any CPU
	EndGlobalSection
	GlobalSection(SolutionProperties) = preSolution
		HideSolutionNode = FALSE
	EndGlobalSection
	GlobalSection(ExtensibilityGlobals) = postSolution
		SolutionGuid = {EF4ADD64-A86C-4C94-9797-A2347DAE0529}
	EndGlobalSection
EndGlobal
